
Microsoft Visual Studio Solution File, Format Version 12.00
# Visual Studio Version 17
VisualStudioVersion = 17.6.33815.320
MinimumVisualStudioVersion = 10.0.40219.1
Project("{FAE04EC0-301F-11D3-BF4B-00C04F79EFBC}") = "Castle Adventures", "Castle Adventures.csproj", "{8FDDF269-F9FE-4646-B42B-92922316C946}"
EndProject
Global
	GlobalSection(SolutionConfigurationPlatforms) = preSolution
		Debug|Any CPU = Debug|Any CPU
		Release|Any CPU = Release|Any CPU
	EndGlobalSection
	GlobalSection(ProjectConfigurationPlatforms) = postSolution
		{8FDDF269-F9FE-4646-B42B-92922316C946}.Debug|Any CPU.ActiveCfg = Debug|Any CPU
		{8FDDF269-F9FE-4646-B42B-92922316C946}.Debug|Any CPU.Build.0 = Debug|Any CPU
		{8FDDF269-F9FE-4646-B42B-92922316C946}.Release|Any CPU.ActiveCfg = Release|Any CPU
		{8FDDF269-F9FE-4646-B42B-92922316C946}.Release|Any CPU.Build.0 = Release|Any CPU
	EndGlobalSection
	GlobalSection(SolutionProperties) = preSolution
		HideSolutionNode = FALSE
	EndGlobalSection
	GlobalSection(ExtensibilityGlobals) = postSolution
		SolutionGuid = {A23DF8FA-2CEE-4B32-BEC2-02C53A850FCC}
	EndGlobalSection
EndGlobal
